
Microsoft Visual Studio Solution File, Format Version 12.00
# Visual Studio Version 17
VisualStudioVersion = 17.0.31903.59
MinimumVisualStudioVersion = 10.0.40219.1
Project("{9A19103F-16F7-4668-BE54-9A1E7A4F7556}") = "TrainData", "TrainData\TrainData.csproj", "{55D0B012-8703-4C0B-8256-5E32F6F8355C}"
EndProject
Global
	GlobalSection(SolutionConfigurationPlatforms) = preSolution
		Debug|Any CPU = Debug|Any CPU
		Release|Any CPU = Release|Any CPU
	EndGlobalSection
	GlobalSection(ProjectConfigurationPlatforms) = postSolution
		{55D0B012-8703-4C0B-8256-5E32F6F8355C}.Debug|Any CPU.ActiveCfg = Debug|Any CPU
		{55D0B012-8703-4C0B-8256-5E32F6F8355C}.Debug|Any CPU.Build.0 = Debug|Any CPU
		{55D0B012-8703-4C0B-8256-5E32F6F8355C}.Release|Any CPU.ActiveCfg = Release|Any CPU
		{55D0B012-8703-4C0B-8256-5E32F6F8355C}.Release|Any CPU.Build.0 = Release|Any CPU
	EndGlobalSection
	GlobalSection(SolutionProperties) = preSolution
		HideSolutionNode = FALSE
	EndGlobalSection
	GlobalSection(ExtensibilityGlobals) = postSolution
		SolutionGuid = {409DC882-987E-4E9A-87FD-D8133624A803}
	EndGlobalSection
EndGlobal
